github.com/GUAIK-ORG/go-snowflake v0.0.0-20200116064823-220c4260e85f h1:RDkg3pyE1qGbBpRWmvSN9RNZC5nUrOaEPiEpEb8y2f0=
github.com/GUAIK-ORG/go-snowflake v0.0.0-20200116064823-220c4260e85f/go.mod h1:zA7AF9RTfpluCfz0omI4t5KCMaWHUMicsZoMccnaT44=
github.com/golang/glog v0.0.0-20160126235308-23def4e6c14b h1:VKtxabqXZkF25pY9ekfRL6a582T4P37/31XEstQ5p58=
github.com/golang/glog v0.0.0-20160126235308-23def4e6c14b/go.mod h1:SBH7ygxi8pfUlaOkMMuAQtPIUF8ecWP5IEl/CR7VP2Q=
